// !$*UTF8*$!
{
	archiveVersion = 1;
	classes = {
	};
	objectVersion = 46;
	objects = {

/* Begin PBXBuildFile section */
		5BB829A11BF3854800C9D1F5 /* AppDelegate.swift in Sources */ = {isa = PBXBuildFile; fileRef = 5BB829A01BF3854800C9D1F5 /* AppDelegate.swift */; };
		5BB829A31BF3854800C9D1F5 /* ViewController.swift in Sources */ = {isa = PBXBuildFile; fileRef = 5BB829A21BF3854800C9D1F5 /* ViewController.swift */; };
		5BB829A61BF3854800C9D1F5 /* Main.storyboard in Resources */ = {isa = PBXBuildFile; fileRef = 5BB829A41BF3854800C9D1F5 /* Main.storyboard */; };
		5BB829A81BF3854800C9D1F5 /* Assets.xcassets in Resources */ = {isa = PBXBuildFile; fileRef = 5BB829A71BF3854800C9D1F5 /* Assets.xcassets */; };
		5BB829AB1BF3854800C9D1F5 /* LaunchScreen.storyboard in Resources */ = {isa = PBXBuildFile; fileRef = 5BB829A91BF3854800C9D1F5 /* LaunchScreen.storyboard */; };
		5BB829B61BF3854800C9D1F5 /* helloTests.swift in Sources */ = {isa = PBXBuildFile; fileRef = 5BB829B51BF3854800C9D1F5 /* helloTests.swift */; };
		5BB829C11BF3854800C9D1F5 /* helloUITests.swift in Sources */ = {isa = PBXBuildFile; fileRef = 5BB829C01BF3854800C9D1F5 /* helloUITests.swift */; };
		5BDC5E2C1BF468D200183C42 /* SafariServices.framework in Frameworks */ = {isa = PBXBuildFile; fileRef = 5BDC5E2B1BF468D200183C42 /* SafariServices.framework */; };
/* End PBXBuildFile section */

/* Begin PBXContainerItemProxy section */
		5BB829B21BF3854800C9D1F5 /* PBXContainerItemProxy */ = {
			isa = PBXContainerItemProxy;
			containerPortal = 5BB829951BF3854700C9D1F5 /* Project object */;
			proxyType = 1;
			remoteGlobalIDString = 5BB8299C1BF3854700C9D1F5;
			remoteInfo = hello;
		};
		5BB829BD1BF3854800C9D1F5 /* PBXContainerItemProxy */ = {
			isa = PBXContainerItemProxy;
			containerPortal = 5BB829951BF3854700C9D1F5 /* Project object */;
			proxyType = 1;
			remoteGlobalIDString = 5BB8299C1BF3854700C9D1F5;
			remoteInfo = hello;
		};
/* End PBXContainerItemProxy section */

/* Begin PBXFileReference section */
		5BB8299D1BF3854700C9D1F5 /* hello.app */ = {isa = PBXFileReference; explicitFileType = wrapper.application; includeInIndex = 0; path = hello.app; sourceTree = BUILT_PRODUCTS_DIR; };
		5BB829A01BF3854800C9D1F5 /* AppDelegate.swift */ = {isa = PBXFileReference; lastKnownFileType = sourcecode.swift; path = AppDelegate.swift; sourceTree = "<group>"; };
		5BB829A21BF3854800C9D1F5 /* ViewController.swift */ = {isa = PBXFileReference; lastKnownFileType = sourcecode.swift; path = ViewController.swift; sourceTree = "<group>"; };
		5BB829A51BF3854800C9D1F5 /* Base */ = {isa = PBXFileReference; lastKnownFileType = file.storyboard; name = Base; path = Base.lproj/Main.storyboard; sourceTree = "<group>"; };
		5BB829A71BF3854800C9D1F5 /* Assets.xcassets */ = {isa = PBXFileReference; lastKnownFileType = folder.assetcatalog; path = Assets.xcassets; sourceTree = "<group>"; };
		5BB829AA1BF3854800C9D1F5 /* Base */ = {isa = PBXFileReference; lastKnownFileType = file.storyboard; name = Base; path = Base.lproj/LaunchScreen.storyboard; sourceTree = "<group>"; };
		5BB829AC1BF3854800C9D1F5 /* Info.plist */ = {isa = PBXFileReference; lastKnownFileType = text.plist.xml; path = Info.plist; sourceTree = "<group>"; };
		5BB829B11BF3854800C9D1F5 /* helloTests.xctest */ = {isa = PBXFileReference; explicitFileType = wrapper.cfbundle; includeInIndex = 0; path = helloTests.xctest; sourceTree = BUILT_PRODUCTS_DIR; };
		5BB829B51BF3854800C9D1F5 /* helloTests.swift */ = {isa = PBXFileReference; lastKnownFileType = sourcecode.swift; path = helloTests.swift; sourceTree = "<group>"; };
		5BB829B71BF3854800C9D1F5 /* Info.plist */ = {isa = PBXFileReference; lastKnownFileType = text.plist.xml; path = Info.plist; sourceTree = "<group>"; };
		5BB829BC1BF3854800C9D1F5 /* helloUITests.xctest */ = {isa = PBXFileReference; explicitFileType = wrapper.cfbundle; includeInIndex = 0; path = helloUITests.xctest; sourceTree = BUILT_PRODUCTS_DIR; };
		5BB829C01BF3854800C9D1F5 /* helloUITests.swift */ = {isa = PBXFileReference; lastKnownFileType = sourcecode.swift; path = helloUITests.swift; sourceTree = "<group>"; };
		5BB829C21BF3854800C9D1F5 /* Info.plist */ = {isa = PBXFileReference; lastKnownFileType = text.plist.xml; path = Info.plist; sourceTree = "<group>"; };
		5BDC5E2B1BF468D200183C42 /* SafariServices.framework */ = {isa = PBXFileReference; lastKnownFileType = wrapper.framework; name = SafariServices.framework; path = System/Library/Frameworks/SafariServices.framework; sourceTree = SDKROOT; };
/* End PBXFileReference section */

/* Begin PBXFrameworksBuildPhase section */
		5BB8299A1BF3854700C9D1F5 /* Frameworks */ = {
			isa = PBXFrameworksBuildPhase;
			buildActionMask = 2147483647;
			files = (
				5BDC5E2C1BF468D200183C42 /* SafariServices.framework in Frameworks */,
			);
			runOnlyForDeploymentPostprocessing = 0;
		};
		5BB829AE1BF3854800C9D1F5 /* Frameworks */ = {
			isa = PBXFrameworksBuildPhase;
			buildActionMask = 2147483647;
			files = (
			);
			runOnlyForDeploymentPostprocessing = 0;
		};
		5BB829B91BF3854800C9D1F5 /* Frameworks */ = {
			isa = PBXFrameworksBuildPhase;
			buildActionMask = 2147483647;
			files = (
			);
			runOnlyForDeploymentPostprocessing = 0;
		};
/* End PBXFrameworksBuildPhase section */

/* Begin PBXGroup section */
		5BB829941BF3854700C9D1F5 = {
			isa = PBXGroup;
			children = (
				5BDC5E2B1BF468D200183C42 /* SafariServices.framework */,
				5BB8299F1BF3854800C9D1F5 /* hello */,
				5BB829B41BF3854800C9D1F5 /* helloTests */,
				5BB829BF1BF3854800C9D1F5 /* helloUITests */,
				5BB8299E1BF3854700C9D1F5 /* Products */,
			);
			sourceTree = "<group>";
		};
		5BB8299E1BF3854700C9D1F5 /* Products */ = {
			isa = PBXGroup;
			children = (
				5BB8299D1BF3854700C9D1F5 /* hello.app */,
				5BB829B11BF3854800C9D1F5 /* helloTests.xctest */,
				5BB829BC1BF3854800C9D1F5 /* helloUITests.xctest */,
			);
			name = Products;
			sourceTree = "<group>";
		};
		5BB8299F1BF3854800C9D1F5 /* hello */ = {
			isa = PBXGroup;
			children = (
				5BB829A01BF3854800C9D1F5 /* AppDelegate.swift */,
				5BB829A21BF3854800C9D1F5 /* ViewController.swift */,
				5BB829A41BF3854800C9D1F5 /* Main.storyboard */,
				5BB829A71BF3854800C9D1F5 /* Assets.xcassets */,
				5BB829A91BF3854800C9D1F5 /* LaunchScreen.storyboard */,
				5BB829AC1BF3854800C9D1F5 /* Info.plist */,
			);
			path = hello;
			sourceTree = "<group>";
		};
		5BB829B41BF3854800C9D1F5 /* helloTests */ = {
			isa = PBXGroup;
			children = (
				5BB829B51BF3854800C9D1F5 /* helloTests.swift */,
				5BB829B71BF3854800C9D1F5 /* Info.plist */,
			);
			path = helloTests;
			sourceTree = "<group>";
		};
		5BB829BF1BF3854800C9D1F5 /* helloUITests */ = {
			isa = PBXGroup;
			children = (
				5BB829C01BF3854800C9D1F5 /* helloUITests.swift */,
				5BB829C21BF3854800C9D1F5 /* Info.plist */,
			);
			path = helloUITests;
			sourceTree = "<group>";
		};
/* End PBXGroup section */

/* Begin PBXNativeTarget section */
		5BB8299C1BF3854700C9D1F5 /* hello */ = {
			isa = PBXNativeTarget;
			buildConfigurationList = 5BB829C51BF3854800C9D1F5 /* Build configuration list for PBXNativeTarget "hello" */;
			buildPhases = (
				5BB829991BF3854700C9D1F5 /* Sources */,
				5BB8299A1BF3854700C9D1F5 /* Frameworks */,
				5BB8299B1BF3854700C9D1F5 /* Resources */,
			);
			buildRules = (
			);
			dependencies = (
			);
			name = hello;
			productName = hello;
			productReference = 5BB8299D1BF3854700C9D1F5 /* hello.app */;
			productType = "com.apple.product-type.application";
		};
		5BB829B01BF3854800C9D1F5 /* helloTests */ = {
			isa = PBXNativeTarget;
			buildConfigurationList = 5BB829C81BF3854800C9D1F5 /* Build configuration list for PBXNativeTarget "helloTests" */;
			buildPhases = (
				5BB829AD1BF3854800C9D1F5 /* Sources */,
				5BB829AE1BF3854800C9D1F5 /* Frameworks */,
				5BB829AF1BF3854800C9D1F5 /* Resources */,
			);
			buildRules = (
			);
			dependencies = (
				5BB829B31BF3854800C9D1F5 /* PBXTargetDependency */,
			);
			name = helloTests;
			productName = helloTests;
			productReference = 5BB829B11BF3854800C9D1F5 /* helloTests.xctest */;
			productType = "com.apple.product-type.bundle.unit-test";
		};
		5BB829BB1BF3854800C9D1F5 /* helloUITests */ = {
			isa = PBXNativeTarget;
			buildConfigurationList = 5BB829CB1BF3854800C9D1F5 /* Build configuration list for PBXNativeTarget "helloUITests" */;
			buildPhases = (
				5BB829B81BF3854800C9D1F5 /* Sources */,
				5BB829B91BF3854800C9D1F5 /* Frameworks */,
				5BB829BA1BF3854800C9D1F5 /* Resources */,
			);
			buildRules = (
			);
			dependencies = (
				5BB829BE1BF3854800C9D1F5 /* PBXTargetDependency */,
			);
			name = helloUITests;
			productName = helloUITests;
			productReference = 5BB829BC1BF3854800C9D1F5 /* helloUITests.xctest */;
			productType = "com.apple.product-type.bundle.ui-testing";
		};
/* End PBXNativeTarget section */

/* Begin PBXProject section */
		5BB829951BF3854700C9D1F5 /* Project object */ = {
			isa = PBXProject;
			attributes = {
				LastUpgradeCheck = 0700;
				ORGANIZATIONNAME = "堤隆道";
				TargetAttributes = {
					5BB8299C1BF3854700C9D1F5 = {
						CreatedOnToolsVersion = 7.0.1;
						DevelopmentTeam = VQTL3E7ALP;
					};
					5BB829B01BF3854800C9D1F5 = {
						CreatedOnToolsVersion = 7.0.1;
						DevelopmentTeam = VQTL3E7ALP;
						TestTargetID = 5BB8299C1BF3854700C9D1F5;
					};
					5BB829BB1BF3854800C9D1F5 = {
						CreatedOnToolsVersion = 7.0.1;
						DevelopmentTeam = VQTL3E7ALP;
						TestTargetID = 5BB8299C1BF3854700C9D1F5;
					};
				};
			};
			buildConfigurationList = 5BB829981BF3854700C9D1F5 /* Build configuration list for PBXProject "hello" */;
			compatibilityVersion = "Xcode 3.2";
			developmentRegion = English;
			hasScannedForEncodings = 0;
			knownRegions = (
				en,
				Base,
			);
			mainGroup = 5BB829941BF3854700C9D1F5;
			productRefGroup = 5BB8299E1BF3854700C9D1F5 /* Products */;
			projectDirPath = "";
			projectRoot = "";
			targets = (
				5BB8299C1BF3854700C9D1F5 /* hello */,
				5BB829B01BF3854800C9D1F5 /* helloTests */,
				5BB829BB1BF3854800C9D1F5 /* helloUITests */,
			);
		};
/* End PBXProject section */

/* Begin PBXResourcesBuildPhase section */
		5BB8299B1BF3854700C9D1F5 /* Resources */ = {
			isa = PBXResourcesBuildPhase;
			buildActionMask = 2147483647;
			files = (
				5BB829AB1BF3854800C9D1F5 /* LaunchScreen.storyboard in Resources */,
				5BB829A81BF3854800C9D1F5 /* Assets.xcassets in Resources */,
				5BB829A61BF3854800C9D1F5 /* Main.storyboard in Resources */,
			);
			runOnlyForDeploymentPostprocessing = 0;
		};
		5BB829AF1BF3854800C9D1F5 /* Resources */ = {
			isa = PBXResourcesBuildPhase;
			buildActionMask = 2147483647;
			files = (
			);
			runOnlyForDeploymentPostprocessing = 0;
		};
		5BB829BA1BF3854800C9D1F5 /* Resources */ = {
			isa = PBXResourcesBuildPhase;
			buildActionMask = 2147483647;
			files = (
			);
			runOnlyForDeploymentPostprocessing = 0;
		};
/* End PBXResourcesBuildPhase section */

/* Begin PBXSourcesBuildPhase section */
		5BB829991BF3854700C9D1F5 /* Sources */ = {
			isa = PBXSourcesBuildPhase;
			buildActionMask = 2147483647;
			files = (
				5BB829A31BF3854800C9D1F5 /* ViewController.swift in Sources */,
				5BB829A11BF3854800C9D1F5 /* AppDelegate.swift in Sources */,
			);
			runOnlyForDeploymentPostprocessing = 0;
		};
		5BB829AD1BF3854800C9D1F5 /* Sources */ = {
			isa = PBXSourcesBuildPhase;
			buildActionMask = 2147483647;
			files = (
				5BB829B61BF3854800C9D1F5 /* helloTests.swift in Sources */,
			);
			runOnlyForDeploymentPostprocessing = 0;
		};
		5BB829B81BF3854800C9D1F5 /* Sources */ = {
			isa = PBXSourcesBuildPhase;
			buildActionMask = 2147483647;
			files = (
				5BB829C11BF3854800C9D1F5 /* helloUITests.swift in Sources */,
			);
			runOnlyForDeploymentPostprocessing = 0;
		};
/* End PBXSourcesBuildPhase section */

/* Begin PBXTargetDependency section */
		5BB829B31BF3854800C9D1F5 /* PBXTargetDependency */ = {
			isa = PBXTargetDependency;
			target = 5BB8299C1BF3854700C9D1F5 /* hello */;
			targetProxy = 5BB829B21BF3854800C9D1F5 /* PBXContainerItemProxy */;
		};
		5BB829BE1BF3854800C9D1F5 /* PBXTargetDependency */ = {
			isa = PBXTargetDependency;
			target = 5BB8299C1BF3854700C9D1F5 /* hello */;
			targetProxy = 5BB829BD1BF3854800C9D1F5 /* PBXContainerItemProxy */;
		};
/* End PBXTargetDependency section */

/* Begin PBXVariantGroup section */
		5BB829A41BF3854800C9D1F5 /* Main.storyboard */ = {
			isa = PBXVariantGroup;
			children = (
				5BB829A51BF3854800C9D1F5 /* Base */,
			);
			name = Main.storyboard;
			sourceTree = "<group>";
		};
		5BB829A91BF3854800C9D1F5 /* LaunchScreen.storyboard */ = {
			isa = PBXVariantGroup;
			children = (
				5BB829AA1BF3854800C9D1F5 /* Base */,
			);
			name = LaunchScreen.storyboard;
			sourceTree = "<group>";
		};
/* End PBXVariantGroup section */

/* Begin XCBuildConfiguration section */
		5BB829C31BF3854800C9D1F5 /* Debug */ = {
			isa = XCBuildConfiguration;
			buildSettings = {
				ALWAYS_SEARCH_USER_PATHS = NO;
				CLANG_CXX_LANGUAGE_STANDARD = "gnu++0x";
				CLANG_CXX_LIBRARY = "libc++";
				CLANG_ENABLE_MODULES = YES;
				CLANG_ENABLE_OBJC_ARC = YES;
				CLANG_WARN_BOOL_CONVERSION = YES;
				CLANG_WARN_CONSTANT_CONVERSION = YES;
				CLANG_WARN_DIRECT_OBJC_ISA_USAGE = YES_ERROR;
				CLANG_WARN_EMPTY_BODY = YES;
				CLANG_WARN_ENUM_CONVERSION = YES;
				CLANG_WARN_INT_CONVERSION = YES;
				CLANG_WARN_OBJC_ROOT_CLASS = YES_ERROR;
				CLANG_WARN_UNREACHABLE_CODE = YES;
				CLANG_WARN__DUPLICATE_METHOD_MATCH = YES;
				"CODE_SIGN_IDENTITY[sdk=iphoneos*]" = "iPhone Developer";
				COPY_PHASE_STRIP = NO;
				DEBUG_INFORMATION_FORMAT = dwarf;
				ENABLE_STRICT_OBJC_MSGSEND = YES;
				ENABLE_TESTABILITY = YES;
				GCC_C_LANGUAGE_STANDARD = gnu99;
				GCC_DYNAMIC_NO_PIC = NO;
				GCC_NO_COMMON_BLOCKS = YES;
				GCC_OPTIMIZATION_LEVEL = 0;
				GCC_PREPROCESSOR_DEFINITIONS = (
					"DEBUG=1",
					"$(inherited)",
				);
				GCC_WARN_64_TO_32_BIT_CONVERSION = YES;
				GCC_WARN_ABOUT_RETURN_TYPE = YES_ERROR;
				GCC_WARN_UNDECLARED_SELECTOR = YES;
				GCC_WARN_UNINITIALIZED_AUTOS = YES_AGGRESSIVE;
				GCC_WARN_UNUSED_FUNCTION = YES;
				GCC_WARN_UNUSED_VARIABLE = YES;
				IPHONEOS_DEPLOYMENT_TARGET = 9.0;
				MTL_ENABLE_DEBUG_INFO = YES;
				ONLY_ACTIVE_ARCH = YES;
				SDKROOT = iphoneos;
				SWIFT_OPTIMIZATION_LEVEL = "-Onone";
			};
			name = Debug;
		};
		5BB829C41BF3854800C9D1F5 /* Release */ = {
			isa = XCBuildConfiguration;
			buildSettings = {
				ALWAYS_SEARCH_USER_PATHS = NO;
				CLANG_CXX_LANGUAGE_STANDARD = "gnu++0x";
				CLANG_CXX_LIBRARY = "libc++";
				CLANG_ENABLE_MODULES = YES;
				CLANG_ENABLE_OBJC_ARC = YES;
				CLANG_WARN_BOOL_CONVERSION = YES;
				CLANG_WARN_CONSTANT_CONVERSION = YES;
				CLANG_WARN_DIRECT_OBJC_ISA_USAGE = YES_ERROR;
				CLANG_WARN_EMPTY_BODY = YES;
				CLANG_WARN_ENUM_CONVERSION = YES;
				CLANG_WARN_INT_CONVERSION = YES;
				CLANG_WARN_OBJC_ROOT_CLASS = YES_ERROR;
				CLANG_WARN_UNREACHABLE_CODE = YES;
				CLANG_WARN__DUPLICATE_METHOD_MATCH = YES;
				"CODE_SIGN_IDENTITY[sdk=iphoneos*]" = "iPhone Developer";
				COPY_PHASE_STRIP = NO;
				DEBUG_INFORMATION_FORMAT = "dwarf-with-dsym";
				ENABLE_NS_ASSERTIONS = NO;
				ENABLE_STRICT_OBJC_MSGSEND = YES;
				GCC_C_LANGUAGE_STANDARD = gnu99;
				GCC_NO_COMMON_BLOCKS = YES;
				GCC_WARN_64_TO_32_BIT_CONVERSION = YES;
				GCC_WARN_ABOUT_RETURN_TYPE = YES_ERROR;
				GCC_WARN_UNDECLARED_SELECTOR = YES;
				GCC_WARN_UNINITIALIZED_AUTOS = YES_AGGRESSIVE;
				GCC_WARN_UNUSED_FUNCTION = YES;
				GCC_WARN_UNUSED_VARIABLE = YES;
				IPHONEOS_DEPLOYMENT_TARGET = 9.0;
				MTL_ENABLE_DEBUG_INFO = NO;
				SDKROOT = iphoneos;
				VALIDATE_PRODUCT = YES;
			};
			name = Release;
		};
		5BB829C61BF3854800C9D1F5 /* Debug */ = {
			isa = XCBuildConfiguration;
			buildSettings = {
				ASSETCATALOG_COMPILER_APPICON_NAME = AppIcon;
				INFOPLIST_FILE = hello/Info.plist;
				LD_RUNPATH_SEARCH_PATHS = "$(inherited) @executable_path/Frameworks";
				PRODUCT_BUNDLE_IDENTIFIER = takamichi.hello;
				PRODUCT_NAME = "$(TARGET_NAME)";
			};
			name = Debug;
		};
		5BB829C71BF3854800C9D1F5 /* Release */ = {
			isa = XCBuildConfiguration;
			buildSettings = {
				ASSETCATALOG_COMPILER_APPICON_NAME = AppIcon;
				INFOPLIST_FILE = hello/Info.plist;
				LD_RUNPATH_SEARCH_PATHS = "$(inherited) @executable_path/Frameworks";
				PRODUCT_BUNDLE_IDENTIFIER = takamichi.hello;
				PRODUCT_NAME = "$(TARGET_NAME)";
			};
			name = Release;
		};
		5BB829C91BF3854800C9D1F5 /* Debug */ = {
			isa = XCBuildConfiguration;
			buildSettings = {
				BUNDLE_LOADER = "$(TEST_HOST)";
				INFOPLIST_FILE = helloTests/Info.plist;
				LD_RUNPATH_SEARCH_PATHS = "$(inherited) @executable_path/Frameworks @loader_path/Frameworks";
				PRODUCT_BUNDLE_IDENTIFIER = takamichi.helloTests;
				PRODUCT_NAME = "$(TARGET_NAME)";
				TEST_HOST = "$(BUILT_PRODUCTS_DIR)/hello.app/hello";
			};
			name = Debug;
		};
		5BB829CA1BF3854800C9D1F5 /* Release */ = {
			isa = XCBuildConfiguration;
			buildSettings = {
				BUNDLE_LOADER = "$(TEST_HOST)";
				INFOPLIST_FILE = helloTests/Info.plist;
				LD_RUNPATH_SEARCH_PATHS = "$(inherited) @executable_path/Frameworks @loader_path/Frameworks";
				PRODUCT_BUNDLE_IDENTIFIER = takamichi.helloTests;
				PRODUCT_NAME = "$(TARGET_NAME)";
				TEST_HOST = "$(BUILT_PRODUCTS_DIR)/hello.app/hello";
			};
			name = Release;
		};
		5BB829CC1BF3854800C9D1F5 /* Debug */ = {
			isa = XCBuildConfiguration;
			buildSettings = {
				INFOPLIST_FILE = helloUITests/Info.plist;
				LD_RUNPATH_SEARCH_PATHS = "$(inherited) @executable_path/Frameworks @loader_path/Frameworks";
				PRODUCT_BUNDLE_IDENTIFIER = takamichi.helloUITests;
				PRODUCT_NAME = "$(TARGET_NAME)";
				TEST_TARGET_NAME = hello;
				USES_XCTRUNNER = YES;
			};
			name = Debug;
		};
		5BB829CD1BF3854800C9D1F5 /* Release */ = {
			isa = XCBuildConfiguration;
			buildSettings = {
				INFOPLIST_FILE = helloUITests/Info.plist;
				LD_RUNPATH_SEARCH_PATHS = "$(inherited) @executable_path/Frameworks @loader_path/Frameworks";
				PRODUCT_BUNDLE_IDENTIFIER = takamichi.helloUITests;
				PRODUCT_NAME = "$(TARGET_NAME)";
				TEST_TARGET_NAME = hello;
				USES_XCTRUNNER = YES;
			};
			name = Release;
		};
/* End XCBuildConfiguration section */

/* Begin XCConfigurationList section */
		5BB829981BF3854700C9D1F5 /* Build configuration list for PBXProject "hello" */ = {
			isa = XCConfigurationList;
			buildConfigurations = (
				5BB829C31BF3854800C9D1F5 /* Debug */,
				5BB829C41BF3854800C9D1F5 /* Release */,
			);
			defaultConfigurationIsVisible = 0;
			defaultConfigurationName = Release;
		};
		5BB829C51BF3854800C9D1F5 /* Build configuration list for PBXNativeTarget "hello" */ = {
			isa = XCConfigurationList;
			buildConfigurations = (
				5BB829C61BF3854800C9D1F5 /* Debug */,
				5BB829C71BF3854800C9D1F5 /* Release */,
			);
			defaultConfigurationIsVisible = 0;
			defaultConfigurationName = Release;
		};
		5BB829C81BF3854800C9D1F5 /* Build configuration list for PBXNativeTarget "helloTests" */ = {
			isa = XCConfigurationList;
			buildConfigurations = (
				5BB829C91BF3854800C9D1F5 /* Debug */,
				5BB829CA1BF3854800C9D1F5 /* Release */,
			);
			defaultConfigurationIsVisible = 0;
			defaultConfigurationName = Release;
		};
		5BB829CB1BF3854800C9D1F5 /* Build configuration list for PBXNativeTarget "helloUITests" */ = {
			isa = XCConfigurationList;
			buildConfigurations = (
				5BB829CC1BF3854800C9D1F5 /* Debug */,
				5BB829CD1BF3854800C9D1F5 /* Release */,
			);
			defaultConfigurationIsVisible = 0;
			defaultConfigurationName = Release;
		};
/* End XCConfigurationList section */
	};
	rootObject = 5BB829951BF3854700C9D1F5 /* Project object */;
}
