// !$*UTF8*$!
{
	archiveVersion = 1;
	classes = {
	};
	objectVersion = 46;
	objects = {

/* Begin PBXBuildFile section */
		5B1269791BCE514A006D9881 /* MyCalendar.swift in Sources */ = {isa = PBXBuildFile; fileRef = 5B1269781BCE514A006D9881 /* MyCalendar.swift */; settings = {ASSET_TAGS = (); }; };
		5B172C281BCE4B6A00A4353A /* AppDelegate.swift in Sources */ = {isa = PBXBuildFile; fileRef = 5B172C271BCE4B6A00A4353A /* AppDelegate.swift */; };
		5B172C2A1BCE4B6A00A4353A /* ViewController.swift in Sources */ = {isa = PBXBuildFile; fileRef = 5B172C291BCE4B6A00A4353A /* ViewController.swift */; };
		5B172C2D1BCE4B6B00A4353A /* Main.storyboard in Resources */ = {isa = PBXBuildFile; fileRef = 5B172C2B1BCE4B6B00A4353A /* Main.storyboard */; };
		5B172C2F1BCE4B6B00A4353A /* Assets.xcassets in Resources */ = {isa = PBXBuildFile; fileRef = 5B172C2E1BCE4B6B00A4353A /* Assets.xcassets */; };
		5B172C321BCE4B6B00A4353A /* LaunchScreen.storyboard in Resources */ = {isa = PBXBuildFile; fileRef = 5B172C301BCE4B6B00A4353A /* LaunchScreen.storyboard */; };
		5B172C3D1BCE4B6B00A4353A /* CalenderTests.swift in Sources */ = {isa = PBXBuildFile; fileRef = 5B172C3C1BCE4B6B00A4353A /* CalenderTests.swift */; };
		5B172C481BCE4B6B00A4353A /* CalenderUITests.swift in Sources */ = {isa = PBXBuildFile; fileRef = 5B172C471BCE4B6B00A4353A /* CalenderUITests.swift */; };
		5B172C561BCE501000A4353A /* MyCalendarExt.swift in Sources */ = {isa = PBXBuildFile; fileRef = 5B172C551BCE501000A4353A /* MyCalendarExt.swift */; settings = {ASSET_TAGS = (); }; };
/* End PBXBuildFile section */

/* Begin PBXContainerItemProxy section */
		5B172C391BCE4B6B00A4353A /* PBXContainerItemProxy */ = {
			isa = PBXContainerItemProxy;
			containerPortal = 5B172C1C1BCE4B6A00A4353A /* Project object */;
			proxyType = 1;
			remoteGlobalIDString = 5B172C231BCE4B6A00A4353A;
			remoteInfo = Calender;
		};
		5B172C441BCE4B6B00A4353A /* PBXContainerItemProxy */ = {
			isa = PBXContainerItemProxy;
			containerPortal = 5B172C1C1BCE4B6A00A4353A /* Project object */;
			proxyType = 1;
			remoteGlobalIDString = 5B172C231BCE4B6A00A4353A;
			remoteInfo = Calender;
		};
/* End PBXContainerItemProxy section */

/* Begin PBXFileReference section */
		5B1269781BCE514A006D9881 /* MyCalendar.swift */ = {isa = PBXFileReference; fileEncoding = 4; lastKnownFileType = sourcecode.swift; path = MyCalendar.swift; sourceTree = "<group>"; };
		5B172C241BCE4B6A00A4353A /* Calender.app */ = {isa = PBXFileReference; explicitFileType = wrapper.application; includeInIndex = 0; path = Calender.app; sourceTree = BUILT_PRODUCTS_DIR; };
		5B172C271BCE4B6A00A4353A /* AppDelegate.swift */ = {isa = PBXFileReference; lastKnownFileType = sourcecode.swift; path = AppDelegate.swift; sourceTree = "<group>"; };
		5B172C291BCE4B6A00A4353A /* ViewController.swift */ = {isa = PBXFileReference; lastKnownFileType = sourcecode.swift; path = ViewController.swift; sourceTree = "<group>"; };
		5B172C2C1BCE4B6B00A4353A /* Base */ = {isa = PBXFileReference; lastKnownFileType = file.storyboard; name = Base; path = Base.lproj/Main.storyboard; sourceTree = "<group>"; };
		5B172C2E1BCE4B6B00A4353A /* Assets.xcassets */ = {isa = PBXFileReference; lastKnownFileType = folder.assetcatalog; path = Assets.xcassets; sourceTree = "<group>"; };
		5B172C311BCE4B6B00A4353A /* Base */ = {isa = PBXFileReference; lastKnownFileType = file.storyboard; name = Base; path = Base.lproj/LaunchScreen.storyboard; sourceTree = "<group>"; };
		5B172C331BCE4B6B00A4353A /* Info.plist */ = {isa = PBXFileReference; lastKnownFileType = text.plist.xml; path = Info.plist; sourceTree = "<group>"; };
		5B172C381BCE4B6B00A4353A /* CalenderTests.xctest */ = {isa = PBXFileReference; explicitFileType = wrapper.cfbundle; includeInIndex = 0; path = CalenderTests.xctest; sourceTree = BUILT_PRODUCTS_DIR; };
		5B172C3C1BCE4B6B00A4353A /* CalenderTests.swift */ = {isa = PBXFileReference; lastKnownFileType = sourcecode.swift; path = CalenderTests.swift; sourceTree = "<group>"; };
		5B172C3E1BCE4B6B00A4353A /* Info.plist */ = {isa = PBXFileReference; lastKnownFileType = text.plist.xml; path = Info.plist; sourceTree = "<group>"; };
		5B172C431BCE4B6B00A4353A /* CalenderUITests.xctest */ = {isa = PBXFileReference; explicitFileType = wrapper.cfbundle; includeInIndex = 0; path = CalenderUITests.xctest; sourceTree = BUILT_PRODUCTS_DIR; };
		5B172C471BCE4B6B00A4353A /* CalenderUITests.swift */ = {isa = PBXFileReference; lastKnownFileType = sourcecode.swift; path = CalenderUITests.swift; sourceTree = "<group>"; };
		5B172C491BCE4B6B00A4353A /* Info.plist */ = {isa = PBXFileReference; lastKnownFileType = text.plist.xml; path = Info.plist; sourceTree = "<group>"; };
		5B172C551BCE501000A4353A /* MyCalendarExt.swift */ = {isa = PBXFileReference; fileEncoding = 4; lastKnownFileType = sourcecode.swift; path = MyCalendarExt.swift; sourceTree = "<group>"; };
/* End PBXFileReference section */

/* Begin PBXFrameworksBuildPhase section */
		5B172C211BCE4B6A00A4353A /* Frameworks */ = {
			isa = PBXFrameworksBuildPhase;
			buildActionMask = 2147483647;
			files = (
			);
			runOnlyForDeploymentPostprocessing = 0;
		};
		5B172C351BCE4B6B00A4353A /* Frameworks */ = {
			isa = PBXFrameworksBuildPhase;
			buildActionMask = 2147483647;
			files = (
			);
			runOnlyForDeploymentPostprocessing = 0;
		};
		5B172C401BCE4B6B00A4353A /* Frameworks */ = {
			isa = PBXFrameworksBuildPhase;
			buildActionMask = 2147483647;
			files = (
			);
			runOnlyForDeploymentPostprocessing = 0;
		};
/* End PBXFrameworksBuildPhase section */

/* Begin PBXGroup section */
		5B172C1B1BCE4B6A00A4353A = {
			isa = PBXGroup;
			children = (
				5B172C261BCE4B6A00A4353A /* Calender */,
				5B172C3B1BCE4B6B00A4353A /* CalenderTests */,
				5B172C461BCE4B6B00A4353A /* CalenderUITests */,
				5B172C251BCE4B6A00A4353A /* Products */,
			);
			sourceTree = "<group>";
		};
		5B172C251BCE4B6A00A4353A /* Products */ = {
			isa = PBXGroup;
			children = (
				5B172C241BCE4B6A00A4353A /* Calender.app */,
				5B172C381BCE4B6B00A4353A /* CalenderTests.xctest */,
				5B172C431BCE4B6B00A4353A /* CalenderUITests.xctest */,
			);
			name = Products;
			sourceTree = "<group>";
		};
		5B172C261BCE4B6A00A4353A /* Calender */ = {
			isa = PBXGroup;
			children = (
				5B172C271BCE4B6A00A4353A /* AppDelegate.swift */,
				5B172C291BCE4B6A00A4353A /* ViewController.swift */,
				5B172C2B1BCE4B6B00A4353A /* Main.storyboard */,
				5B172C2E1BCE4B6B00A4353A /* Assets.xcassets */,
				5B172C301BCE4B6B00A4353A /* LaunchScreen.storyboard */,
				5B172C331BCE4B6B00A4353A /* Info.plist */,
				5B172C551BCE501000A4353A /* MyCalendarExt.swift */,
				5B1269781BCE514A006D9881 /* MyCalendar.swift */,
			);
			path = Calender;
			sourceTree = "<group>";
		};
		5B172C3B1BCE4B6B00A4353A /* CalenderTests */ = {
			isa = PBXGroup;
			children = (
				5B172C3C1BCE4B6B00A4353A /* CalenderTests.swift */,
				5B172C3E1BCE4B6B00A4353A /* Info.plist */,
			);
			path = CalenderTests;
			sourceTree = "<group>";
		};
		5B172C461BCE4B6B00A4353A /* CalenderUITests */ = {
			isa = PBXGroup;
			children = (
				5B172C471BCE4B6B00A4353A /* CalenderUITests.swift */,
				5B172C491BCE4B6B00A4353A /* Info.plist */,
			);
			path = CalenderUITests;
			sourceTree = "<group>";
		};
/* End PBXGroup section */

/* Begin PBXNativeTarget section */
		5B172C231BCE4B6A00A4353A /* Calender */ = {
			isa = PBXNativeTarget;
			buildConfigurationList = 5B172C4C1BCE4B6B00A4353A /* Build configuration list for PBXNativeTarget "Calender" */;
			buildPhases = (
				5B172C201BCE4B6A00A4353A /* Sources */,
				5B172C211BCE4B6A00A4353A /* Frameworks */,
				5B172C221BCE4B6A00A4353A /* Resources */,
			);
			buildRules = (
			);
			dependencies = (
			);
			name = Calender;
			productName = Calender;
			productReference = 5B172C241BCE4B6A00A4353A /* Calender.app */;
			productType = "com.apple.product-type.application";
		};
		5B172C371BCE4B6B00A4353A /* CalenderTests */ = {
			isa = PBXNativeTarget;
			buildConfigurationList = 5B172C4F1BCE4B6B00A4353A /* Build configuration list for PBXNativeTarget "CalenderTests" */;
			buildPhases = (
				5B172C341BCE4B6B00A4353A /* Sources */,
				5B172C351BCE4B6B00A4353A /* Frameworks */,
				5B172C361BCE4B6B00A4353A /* Resources */,
			);
			buildRules = (
			);
			dependencies = (
				5B172C3A1BCE4B6B00A4353A /* PBXTargetDependency */,
			);
			name = CalenderTests;
			productName = CalenderTests;
			productReference = 5B172C381BCE4B6B00A4353A /* CalenderTests.xctest */;
			productType = "com.apple.product-type.bundle.unit-test";
		};
		5B172C421BCE4B6B00A4353A /* CalenderUITests */ = {
			isa = PBXNativeTarget;
			buildConfigurationList = 5B172C521BCE4B6B00A4353A /* Build configuration list for PBXNativeTarget "CalenderUITests" */;
			buildPhases = (
				5B172C3F1BCE4B6B00A4353A /* Sources */,
				5B172C401BCE4B6B00A4353A /* Frameworks */,
				5B172C411BCE4B6B00A4353A /* Resources */,
			);
			buildRules = (
			);
			dependencies = (
				5B172C451BCE4B6B00A4353A /* PBXTargetDependency */,
			);
			name = CalenderUITests;
			productName = CalenderUITests;
			productReference = 5B172C431BCE4B6B00A4353A /* CalenderUITests.xctest */;
			productType = "com.apple.product-type.bundle.ui-testing";
		};
/* End PBXNativeTarget section */

/* Begin PBXProject section */
		5B172C1C1BCE4B6A00A4353A /* Project object */ = {
			isa = PBXProject;
			attributes = {
				LastUpgradeCheck = 0700;
				ORGANIZATIONNAME = "堤隆道";
				TargetAttributes = {
					5B172C231BCE4B6A00A4353A = {
						CreatedOnToolsVersion = 7.0.1;
						DevelopmentTeam = VQTL3E7ALP;
					};
					5B172C371BCE4B6B00A4353A = {
						CreatedOnToolsVersion = 7.0.1;
						DevelopmentTeam = VQTL3E7ALP;
						TestTargetID = 5B172C231BCE4B6A00A4353A;
					};
					5B172C421BCE4B6B00A4353A = {
						CreatedOnToolsVersion = 7.0.1;
						DevelopmentTeam = VQTL3E7ALP;
						TestTargetID = 5B172C231BCE4B6A00A4353A;
					};
				};
			};
			buildConfigurationList = 5B172C1F1BCE4B6A00A4353A /* Build configuration list for PBXProject "Calender" */;
			compatibilityVersion = "Xcode 3.2";
			developmentRegion = English;
			hasScannedForEncodings = 0;
			knownRegions = (
				en,
				Base,
			);
			mainGroup = 5B172C1B1BCE4B6A00A4353A;
			productRefGroup = 5B172C251BCE4B6A00A4353A /* Products */;
			projectDirPath = "";
			projectRoot = "";
			targets = (
				5B172C231BCE4B6A00A4353A /* Calender */,
				5B172C371BCE4B6B00A4353A /* CalenderTests */,
				5B172C421BCE4B6B00A4353A /* CalenderUITests */,
			);
		};
/* End PBXProject section */

/* Begin PBXResourcesBuildPhase section */
		5B172C221BCE4B6A00A4353A /* Resources */ = {
			isa = PBXResourcesBuildPhase;
			buildActionMask = 2147483647;
			files = (
				5B172C321BCE4B6B00A4353A /* LaunchScreen.storyboard in Resources */,
				5B172C2F1BCE4B6B00A4353A /* Assets.xcassets in Resources */,
				5B172C2D1BCE4B6B00A4353A /* Main.storyboard in Resources */,
			);
			runOnlyForDeploymentPostprocessing = 0;
		};
		5B172C361BCE4B6B00A4353A /* Resources */ = {
			isa = PBXResourcesBuildPhase;
			buildActionMask = 2147483647;
			files = (
			);
			runOnlyForDeploymentPostprocessing = 0;
		};
		5B172C411BCE4B6B00A4353A /* Resources */ = {
			isa = PBXResourcesBuildPhase;
			buildActionMask = 2147483647;
			files = (
			);
			runOnlyForDeploymentPostprocessing = 0;
		};
/* End PBXResourcesBuildPhase section */

/* Begin PBXSourcesBuildPhase section */
		5B172C201BCE4B6A00A4353A /* Sources */ = {
			isa = PBXSourcesBuildPhase;
			buildActionMask = 2147483647;
			files = (
				5B172C561BCE501000A4353A /* MyCalendarExt.swift in Sources */,
				5B172C2A1BCE4B6A00A4353A /* ViewController.swift in Sources */,
				5B172C281BCE4B6A00A4353A /* AppDelegate.swift in Sources */,
				5B1269791BCE514A006D9881 /* MyCalendar.swift in Sources */,
			);
			runOnlyForDeploymentPostprocessing = 0;
		};
		5B172C341BCE4B6B00A4353A /* Sources */ = {
			isa = PBXSourcesBuildPhase;
			buildActionMask = 2147483647;
			files = (
				5B172C3D1BCE4B6B00A4353A /* CalenderTests.swift in Sources */,
			);
			runOnlyForDeploymentPostprocessing = 0;
		};
		5B172C3F1BCE4B6B00A4353A /* Sources */ = {
			isa = PBXSourcesBuildPhase;
			buildActionMask = 2147483647;
			files = (
				5B172C481BCE4B6B00A4353A /* CalenderUITests.swift in Sources */,
			);
			runOnlyForDeploymentPostprocessing = 0;
		};
/* End PBXSourcesBuildPhase section */

/* Begin PBXTargetDependency section */
		5B172C3A1BCE4B6B00A4353A /* PBXTargetDependency */ = {
			isa = PBXTargetDependency;
			target = 5B172C231BCE4B6A00A4353A /* Calender */;
			targetProxy = 5B172C391BCE4B6B00A4353A /* PBXContainerItemProxy */;
		};
		5B172C451BCE4B6B00A4353A /* PBXTargetDependency */ = {
			isa = PBXTargetDependency;
			target = 5B172C231BCE4B6A00A4353A /* Calender */;
			targetProxy = 5B172C441BCE4B6B00A4353A /* PBXContainerItemProxy */;
		};
/* End PBXTargetDependency section */

/* Begin PBXVariantGroup section */
		5B172C2B1BCE4B6B00A4353A /* Main.storyboard */ = {
			isa = PBXVariantGroup;
			children = (
				5B172C2C1BCE4B6B00A4353A /* Base */,
			);
			name = Main.storyboard;
			sourceTree = "<group>";
		};
		5B172C301BCE4B6B00A4353A /* LaunchScreen.storyboard */ = {
			isa = PBXVariantGroup;
			children = (
				5B172C311BCE4B6B00A4353A /* Base */,
			);
			name = LaunchScreen.storyboard;
			sourceTree = "<group>";
		};
/* End PBXVariantGroup section */

/* Begin XCBuildConfiguration section */
		5B172C4A1BCE4B6B00A4353A /* Debug */ = {
			isa = XCBuildConfiguration;
			buildSettings = {
				ALWAYS_SEARCH_USER_PATHS = NO;
				CLANG_CXX_LANGUAGE_STANDARD = "gnu++0x";
				CLANG_CXX_LIBRARY = "libc++";
				CLANG_ENABLE_MODULES = YES;
				CLANG_ENABLE_OBJC_ARC = YES;
				CLANG_WARN_BOOL_CONVERSION = YES;
				CLANG_WARN_CONSTANT_CONVERSION = YES;
				CLANG_WARN_DIRECT_OBJC_ISA_USAGE = YES_ERROR;
				CLANG_WARN_EMPTY_BODY = YES;
				CLANG_WARN_ENUM_CONVERSION = YES;
				CLANG_WARN_INT_CONVERSION = YES;
				CLANG_WARN_OBJC_ROOT_CLASS = YES_ERROR;
				CLANG_WARN_UNREACHABLE_CODE = YES;
				CLANG_WARN__DUPLICATE_METHOD_MATCH = YES;
				"CODE_SIGN_IDENTITY[sdk=iphoneos*]" = "iPhone Developer";
				COPY_PHASE_STRIP = NO;
				DEBUG_INFORMATION_FORMAT = dwarf;
				ENABLE_STRICT_OBJC_MSGSEND = YES;
				ENABLE_TESTABILITY = YES;
				GCC_C_LANGUAGE_STANDARD = gnu99;
				GCC_DYNAMIC_NO_PIC = NO;
				GCC_NO_COMMON_BLOCKS = YES;
				GCC_OPTIMIZATION_LEVEL = 0;
				GCC_PREPROCESSOR_DEFINITIONS = (
					"DEBUG=1",
					"$(inherited)",
				);
				GCC_WARN_64_TO_32_BIT_CONVERSION = YES;
				GCC_WARN_ABOUT_RETURN_TYPE = YES_ERROR;
				GCC_WARN_UNDECLARED_SELECTOR = YES;
				GCC_WARN_UNINITIALIZED_AUTOS = YES_AGGRESSIVE;
				GCC_WARN_UNUSED_FUNCTION = YES;
				GCC_WARN_UNUSED_VARIABLE = YES;
				IPHONEOS_DEPLOYMENT_TARGET = 9.0;
				MTL_ENABLE_DEBUG_INFO = YES;
				ONLY_ACTIVE_ARCH = YES;
				SDKROOT = iphoneos;
				SWIFT_OPTIMIZATION_LEVEL = "-Onone";
			};
			name = Debug;
		};
		5B172C4B1BCE4B6B00A4353A /* Release */ = {
			isa = XCBuildConfiguration;
			buildSettings = {
				ALWAYS_SEARCH_USER_PATHS = NO;
				CLANG_CXX_LANGUAGE_STANDARD = "gnu++0x";
				CLANG_CXX_LIBRARY = "libc++";
				CLANG_ENABLE_MODULES = YES;
				CLANG_ENABLE_OBJC_ARC = YES;
				CLANG_WARN_BOOL_CONVERSION = YES;
				CLANG_WARN_CONSTANT_CONVERSION = YES;
				CLANG_WARN_DIRECT_OBJC_ISA_USAGE = YES_ERROR;
				CLANG_WARN_EMPTY_BODY = YES;
				CLANG_WARN_ENUM_CONVERSION = YES;
				CLANG_WARN_INT_CONVERSION = YES;
				CLANG_WARN_OBJC_ROOT_CLASS = YES_ERROR;
				CLANG_WARN_UNREACHABLE_CODE = YES;
				CLANG_WARN__DUPLICATE_METHOD_MATCH = YES;
				"CODE_SIGN_IDENTITY[sdk=iphoneos*]" = "iPhone Developer";
				COPY_PHASE_STRIP = NO;
				DEBUG_INFORMATION_FORMAT = "dwarf-with-dsym";
				ENABLE_NS_ASSERTIONS = NO;
				ENABLE_STRICT_OBJC_MSGSEND = YES;
				GCC_C_LANGUAGE_STANDARD = gnu99;
				GCC_NO_COMMON_BLOCKS = YES;
				GCC_WARN_64_TO_32_BIT_CONVERSION = YES;
				GCC_WARN_ABOUT_RETURN_TYPE = YES_ERROR;
				GCC_WARN_UNDECLARED_SELECTOR = YES;
				GCC_WARN_UNINITIALIZED_AUTOS = YES_AGGRESSIVE;
				GCC_WARN_UNUSED_FUNCTION = YES;
				GCC_WARN_UNUSED_VARIABLE = YES;
				IPHONEOS_DEPLOYMENT_TARGET = 9.0;
				MTL_ENABLE_DEBUG_INFO = NO;
				SDKROOT = iphoneos;
				VALIDATE_PRODUCT = YES;
			};
			name = Release;
		};
		5B172C4D1BCE4B6B00A4353A /* Debug */ = {
			isa = XCBuildConfiguration;
			buildSettings = {
				ASSETCATALOG_COMPILER_APPICON_NAME = AppIcon;
				INFOPLIST_FILE = Calender/Info.plist;
				IPHONEOS_DEPLOYMENT_TARGET = 8.4;
				LD_RUNPATH_SEARCH_PATHS = "$(inherited) @executable_path/Frameworks";
				PRODUCT_BUNDLE_IDENTIFIER = takamichi.Calender;
				PRODUCT_NAME = "$(TARGET_NAME)";
			};
			name = Debug;
		};
		5B172C4E1BCE4B6B00A4353A /* Release */ = {
			isa = XCBuildConfiguration;
			buildSettings = {
				ASSETCATALOG_COMPILER_APPICON_NAME = AppIcon;
				INFOPLIST_FILE = Calender/Info.plist;
				IPHONEOS_DEPLOYMENT_TARGET = 8.4;
				LD_RUNPATH_SEARCH_PATHS = "$(inherited) @executable_path/Frameworks";
				PRODUCT_BUNDLE_IDENTIFIER = takamichi.Calender;
				PRODUCT_NAME = "$(TARGET_NAME)";
			};
			name = Release;
		};
		5B172C501BCE4B6B00A4353A /* Debug */ = {
			isa = XCBuildConfiguration;
			buildSettings = {
				BUNDLE_LOADER = "$(TEST_HOST)";
				INFOPLIST_FILE = CalenderTests/Info.plist;
				LD_RUNPATH_SEARCH_PATHS = "$(inherited) @executable_path/Frameworks @loader_path/Frameworks";
				PRODUCT_BUNDLE_IDENTIFIER = takamichi.CalenderTests;
				PRODUCT_NAME = "$(TARGET_NAME)";
				TEST_HOST = "$(BUILT_PRODUCTS_DIR)/Calender.app/Calender";
			};
			name = Debug;
		};
		5B172C511BCE4B6B00A4353A /* Release */ = {
			isa = XCBuildConfiguration;
			buildSettings = {
				BUNDLE_LOADER = "$(TEST_HOST)";
				INFOPLIST_FILE = CalenderTests/Info.plist;
				LD_RUNPATH_SEARCH_PATHS = "$(inherited) @executable_path/Frameworks @loader_path/Frameworks";
				PRODUCT_BUNDLE_IDENTIFIER = takamichi.CalenderTests;
				PRODUCT_NAME = "$(TARGET_NAME)";
				TEST_HOST = "$(BUILT_PRODUCTS_DIR)/Calender.app/Calender";
			};
			name = Release;
		};
		5B172C531BCE4B6B00A4353A /* Debug */ = {
			isa = XCBuildConfiguration;
			buildSettings = {
				INFOPLIST_FILE = CalenderUITests/Info.plist;
				LD_RUNPATH_SEARCH_PATHS = "$(inherited) @executable_path/Frameworks @loader_path/Frameworks";
				PRODUCT_BUNDLE_IDENTIFIER = takamichi.CalenderUITests;
				PRODUCT_NAME = "$(TARGET_NAME)";
				TEST_TARGET_NAME = Calender;
				USES_XCTRUNNER = YES;
			};
			name = Debug;
		};
		5B172C541BCE4B6B00A4353A /* Release */ = {
			isa = XCBuildConfiguration;
			buildSettings = {
				INFOPLIST_FILE = CalenderUITests/Info.plist;
				LD_RUNPATH_SEARCH_PATHS = "$(inherited) @executable_path/Frameworks @loader_path/Frameworks";
				PRODUCT_BUNDLE_IDENTIFIER = takamichi.CalenderUITests;
				PRODUCT_NAME = "$(TARGET_NAME)";
				TEST_TARGET_NAME = Calender;
				USES_XCTRUNNER = YES;
			};
			name = Release;
		};
/* End XCBuildConfiguration section */

/* Begin XCConfigurationList section */
		5B172C1F1BCE4B6A00A4353A /* Build configuration list for PBXProject "Calender" */ = {
			isa = XCConfigurationList;
			buildConfigurations = (
				5B172C4A1BCE4B6B00A4353A /* Debug */,
				5B172C4B1BCE4B6B00A4353A /* Release */,
			);
			defaultConfigurationIsVisible = 0;
			defaultConfigurationName = Release;
		};
		5B172C4C1BCE4B6B00A4353A /* Build configuration list for PBXNativeTarget "Calender" */ = {
			isa = XCConfigurationList;
			buildConfigurations = (
				5B172C4D1BCE4B6B00A4353A /* Debug */,
				5B172C4E1BCE4B6B00A4353A /* Release */,
			);
			defaultConfigurationIsVisible = 0;
			defaultConfigurationName = Release;
		};
		5B172C4F1BCE4B6B00A4353A /* Build configuration list for PBXNativeTarget "CalenderTests" */ = {
			isa = XCConfigurationList;
			buildConfigurations = (
				5B172C501BCE4B6B00A4353A /* Debug */,
				5B172C511BCE4B6B00A4353A /* Release */,
			);
			defaultConfigurationIsVisible = 0;
			defaultConfigurationName = Release;
		};
		5B172C521BCE4B6B00A4353A /* Build configuration list for PBXNativeTarget "CalenderUITests" */ = {
			isa = XCConfigurationList;
			buildConfigurations = (
				5B172C531BCE4B6B00A4353A /* Debug */,
				5B172C541BCE4B6B00A4353A /* Release */,
			);
			defaultConfigurationIsVisible = 0;
			defaultConfigurationName = Release;
		};
/* End XCConfigurationList section */
	};
	rootObject = 5B172C1C1BCE4B6A00A4353A /* Project object */;
}
