// !$*UTF8*$!
{
	archiveVersion = 1;
	classes = {
	};
	objectVersion = 46;
	objects = {

/* Begin PBXBuildFile section */
		5B01B6A11C37B0A4009ED66F /* MapViewController.swift in Sources */ = {isa = PBXBuildFile; fileRef = 5B01B6A01C37B0A4009ED66F /* MapViewController.swift */; };
		5B01B6A31C37B15B009ED66F /* TableViewController.swift in Sources */ = {isa = PBXBuildFile; fileRef = 5B01B6A21C37B15B009ED66F /* TableViewController.swift */; };
		5B01B6A51C37B681009ED66F /* CoreLocation.framework in Frameworks */ = {isa = PBXBuildFile; fileRef = 5B01B6A41C37B681009ED66F /* CoreLocation.framework */; };
		5BFB27C11C37AC65004C2A8C /* AppDelegate.swift in Sources */ = {isa = PBXBuildFile; fileRef = 5BFB27C01C37AC65004C2A8C /* AppDelegate.swift */; };
		5BFB27C61C37AC65004C2A8C /* Main.storyboard in Resources */ = {isa = PBXBuildFile; fileRef = 5BFB27C41C37AC65004C2A8C /* Main.storyboard */; };
		5BFB27C81C37AC65004C2A8C /* Assets.xcassets in Resources */ = {isa = PBXBuildFile; fileRef = 5BFB27C71C37AC65004C2A8C /* Assets.xcassets */; };
		5BFB27CB1C37AC65004C2A8C /* LaunchScreen.storyboard in Resources */ = {isa = PBXBuildFile; fileRef = 5BFB27C91C37AC65004C2A8C /* LaunchScreen.storyboard */; };
/* End PBXBuildFile section */

/* Begin PBXFileReference section */
		5B01B6A01C37B0A4009ED66F /* MapViewController.swift */ = {isa = PBXFileReference; fileEncoding = 4; lastKnownFileType = sourcecode.swift; path = MapViewController.swift; sourceTree = "<group>"; };
		5B01B6A21C37B15B009ED66F /* TableViewController.swift */ = {isa = PBXFileReference; fileEncoding = 4; lastKnownFileType = sourcecode.swift; path = TableViewController.swift; sourceTree = "<group>"; };
		5B01B6A41C37B681009ED66F /* CoreLocation.framework */ = {isa = PBXFileReference; lastKnownFileType = wrapper.framework; name = CoreLocation.framework; path = System/Library/Frameworks/CoreLocation.framework; sourceTree = SDKROOT; };
		5BFB27BD1C37AC65004C2A8C /* Memorable Places.app */ = {isa = PBXFileReference; explicitFileType = wrapper.application; includeInIndex = 0; path = "Memorable Places.app"; sourceTree = BUILT_PRODUCTS_DIR; };
		5BFB27C01C37AC65004C2A8C /* AppDelegate.swift */ = {isa = PBXFileReference; lastKnownFileType = sourcecode.swift; path = AppDelegate.swift; sourceTree = "<group>"; };
		5BFB27C51C37AC65004C2A8C /* Base */ = {isa = PBXFileReference; lastKnownFileType = file.storyboard; name = Base; path = Base.lproj/Main.storyboard; sourceTree = "<group>"; };
		5BFB27C71C37AC65004C2A8C /* Assets.xcassets */ = {isa = PBXFileReference; lastKnownFileType = folder.assetcatalog; path = Assets.xcassets; sourceTree = "<group>"; };
		5BFB27CA1C37AC65004C2A8C /* Base */ = {isa = PBXFileReference; lastKnownFileType = file.storyboard; name = Base; path = Base.lproj/LaunchScreen.storyboard; sourceTree = "<group>"; };
		5BFB27CC1C37AC65004C2A8C /* Info.plist */ = {isa = PBXFileReference; lastKnownFileType = text.plist.xml; path = Info.plist; sourceTree = "<group>"; };
/* End PBXFileReference section */

/* Begin PBXFrameworksBuildPhase section */
		5BFB27BA1C37AC65004C2A8C /* Frameworks */ = {
			isa = PBXFrameworksBuildPhase;
			buildActionMask = 2147483647;
			files = (
				5B01B6A51C37B681009ED66F /* CoreLocation.framework in Frameworks */,
			);
			runOnlyForDeploymentPostprocessing = 0;
		};
/* End PBXFrameworksBuildPhase section */

/* Begin PBXGroup section */
		5BFB27B41C37AC65004C2A8C = {
			isa = PBXGroup;
			children = (
				5B01B6A41C37B681009ED66F /* CoreLocation.framework */,
				5BFB27BF1C37AC65004C2A8C /* Memorable Places */,
				5BFB27BE1C37AC65004C2A8C /* Products */,
			);
			sourceTree = "<group>";
		};
		5BFB27BE1C37AC65004C2A8C /* Products */ = {
			isa = PBXGroup;
			children = (
				5BFB27BD1C37AC65004C2A8C /* Memorable Places.app */,
			);
			name = Products;
			sourceTree = "<group>";
		};
		5BFB27BF1C37AC65004C2A8C /* Memorable Places */ = {
			isa = PBXGroup;
			children = (
				5BFB27C01C37AC65004C2A8C /* AppDelegate.swift */,
				5BFB27C41C37AC65004C2A8C /* Main.storyboard */,
				5B01B6A21C37B15B009ED66F /* TableViewController.swift */,
				5B01B6A01C37B0A4009ED66F /* MapViewController.swift */,
				5BFB27C71C37AC65004C2A8C /* Assets.xcassets */,
				5BFB27C91C37AC65004C2A8C /* LaunchScreen.storyboard */,
				5BFB27CC1C37AC65004C2A8C /* Info.plist */,
			);
			path = "Memorable Places";
			sourceTree = "<group>";
		};
/* End PBXGroup section */

/* Begin PBXNativeTarget section */
		5BFB27BC1C37AC65004C2A8C /* Memorable Places */ = {
			isa = PBXNativeTarget;
			buildConfigurationList = 5BFB27CF1C37AC65004C2A8C /* Build configuration list for PBXNativeTarget "Memorable Places" */;
			buildPhases = (
				5BFB27B91C37AC65004C2A8C /* Sources */,
				5BFB27BA1C37AC65004C2A8C /* Frameworks */,
				5BFB27BB1C37AC65004C2A8C /* Resources */,
			);
			buildRules = (
			);
			dependencies = (
			);
			name = "Memorable Places";
			productName = "Memorable Places";
			productReference = 5BFB27BD1C37AC65004C2A8C /* Memorable Places.app */;
			productType = "com.apple.product-type.application";
		};
/* End PBXNativeTarget section */

/* Begin PBXProject section */
		5BFB27B51C37AC65004C2A8C /* Project object */ = {
			isa = PBXProject;
			attributes = {
				LastSwiftUpdateCheck = 0710;
				LastUpgradeCheck = 0710;
				ORGANIZATIONNAME = "堤隆道";
				TargetAttributes = {
					5BFB27BC1C37AC65004C2A8C = {
						CreatedOnToolsVersion = 7.1.1;
					};
				};
			};
			buildConfigurationList = 5BFB27B81C37AC65004C2A8C /* Build configuration list for PBXProject "Memorable Places" */;
			compatibilityVersion = "Xcode 3.2";
			developmentRegion = English;
			hasScannedForEncodings = 0;
			knownRegions = (
				en,
				Base,
			);
			mainGroup = 5BFB27B41C37AC65004C2A8C;
			productRefGroup = 5BFB27BE1C37AC65004C2A8C /* Products */;
			projectDirPath = "";
			projectRoot = "";
			targets = (
				5BFB27BC1C37AC65004C2A8C /* Memorable Places */,
			);
		};
/* End PBXProject section */

/* Begin PBXResourcesBuildPhase section */
		5BFB27BB1C37AC65004C2A8C /* Resources */ = {
			isa = PBXResourcesBuildPhase;
			buildActionMask = 2147483647;
			files = (
				5BFB27CB1C37AC65004C2A8C /* LaunchScreen.storyboard in Resources */,
				5BFB27C81C37AC65004C2A8C /* Assets.xcassets in Resources */,
				5BFB27C61C37AC65004C2A8C /* Main.storyboard in Resources */,
			);
			runOnlyForDeploymentPostprocessing = 0;
		};
/* End PBXResourcesBuildPhase section */

/* Begin PBXSourcesBuildPhase section */
		5BFB27B91C37AC65004C2A8C /* Sources */ = {
			isa = PBXSourcesBuildPhase;
			buildActionMask = 2147483647;
			files = (
				5BFB27C11C37AC65004C2A8C /* AppDelegate.swift in Sources */,
				5B01B6A31C37B15B009ED66F /* TableViewController.swift in Sources */,
				5B01B6A11C37B0A4009ED66F /* MapViewController.swift in Sources */,
			);
			runOnlyForDeploymentPostprocessing = 0;
		};
/* End PBXSourcesBuildPhase section */

/* Begin PBXVariantGroup section */
		5BFB27C41C37AC65004C2A8C /* Main.storyboard */ = {
			isa = PBXVariantGroup;
			children = (
				5BFB27C51C37AC65004C2A8C /* Base */,
			);
			name = Main.storyboard;
			sourceTree = "<group>";
		};
		5BFB27C91C37AC65004C2A8C /* LaunchScreen.storyboard */ = {
			isa = PBXVariantGroup;
			children = (
				5BFB27CA1C37AC65004C2A8C /* Base */,
			);
			name = LaunchScreen.storyboard;
			sourceTree = "<group>";
		};
/* End PBXVariantGroup section */

/* Begin XCBuildConfiguration section */
		5BFB27CD1C37AC65004C2A8C /* Debug */ = {
			isa = XCBuildConfiguration;
			buildSettings = {
				ALWAYS_SEARCH_USER_PATHS = NO;
				CLANG_CXX_LANGUAGE_STANDARD = "gnu++0x";
				CLANG_CXX_LIBRARY = "libc++";
				CLANG_ENABLE_MODULES = YES;
				CLANG_ENABLE_OBJC_ARC = YES;
				CLANG_WARN_BOOL_CONVERSION = YES;
				CLANG_WARN_CONSTANT_CONVERSION = YES;
				CLANG_WARN_DIRECT_OBJC_ISA_USAGE = YES_ERROR;
				CLANG_WARN_EMPTY_BODY = YES;
				CLANG_WARN_ENUM_CONVERSION = YES;
				CLANG_WARN_INT_CONVERSION = YES;
				CLANG_WARN_OBJC_ROOT_CLASS = YES_ERROR;
				CLANG_WARN_UNREACHABLE_CODE = YES;
				CLANG_WARN__DUPLICATE_METHOD_MATCH = YES;
				"CODE_SIGN_IDENTITY[sdk=iphoneos*]" = "iPhone Developer";
				COPY_PHASE_STRIP = NO;
				DEBUG_INFORMATION_FORMAT = dwarf;
				ENABLE_STRICT_OBJC_MSGSEND = YES;
				ENABLE_TESTABILITY = YES;
				GCC_C_LANGUAGE_STANDARD = gnu99;
				GCC_DYNAMIC_NO_PIC = NO;
				GCC_NO_COMMON_BLOCKS = YES;
				GCC_OPTIMIZATION_LEVEL = 0;
				GCC_PREPROCESSOR_DEFINITIONS = (
					"DEBUG=1",
					"$(inherited)",
				);
				GCC_WARN_64_TO_32_BIT_CONVERSION = YES;
				GCC_WARN_ABOUT_RETURN_TYPE = YES_ERROR;
				GCC_WARN_UNDECLARED_SELECTOR = YES;
				GCC_WARN_UNINITIALIZED_AUTOS = YES_AGGRESSIVE;
				GCC_WARN_UNUSED_FUNCTION = YES;
				GCC_WARN_UNUSED_VARIABLE = YES;
				IPHONEOS_DEPLOYMENT_TARGET = 9.1;
				MTL_ENABLE_DEBUG_INFO = YES;
				ONLY_ACTIVE_ARCH = YES;
				SDKROOT = iphoneos;
				SWIFT_OPTIMIZATION_LEVEL = "-Onone";
			};
			name = Debug;
		};
		5BFB27CE1C37AC65004C2A8C /* Release */ = {
			isa = XCBuildConfiguration;
			buildSettings = {
				ALWAYS_SEARCH_USER_PATHS = NO;
				CLANG_CXX_LANGUAGE_STANDARD = "gnu++0x";
				CLANG_CXX_LIBRARY = "libc++";
				CLANG_ENABLE_MODULES = YES;
				CLANG_ENABLE_OBJC_ARC = YES;
				CLANG_WARN_BOOL_CONVERSION = YES;
				CLANG_WARN_CONSTANT_CONVERSION = YES;
				CLANG_WARN_DIRECT_OBJC_ISA_USAGE = YES_ERROR;
				CLANG_WARN_EMPTY_BODY = YES;
				CLANG_WARN_ENUM_CONVERSION = YES;
				CLANG_WARN_INT_CONVERSION = YES;
				CLANG_WARN_OBJC_ROOT_CLASS = YES_ERROR;
				CLANG_WARN_UNREACHABLE_CODE = YES;
				CLANG_WARN__DUPLICATE_METHOD_MATCH = YES;
				"CODE_SIGN_IDENTITY[sdk=iphoneos*]" = "iPhone Developer";
				COPY_PHASE_STRIP = NO;
				DEBUG_INFORMATION_FORMAT = "dwarf-with-dsym";
				ENABLE_NS_ASSERTIONS = NO;
				ENABLE_STRICT_OBJC_MSGSEND = YES;
				GCC_C_LANGUAGE_STANDARD = gnu99;
				GCC_NO_COMMON_BLOCKS = YES;
				GCC_WARN_64_TO_32_BIT_CONVERSION = YES;
				GCC_WARN_ABOUT_RETURN_TYPE = YES_ERROR;
				GCC_WARN_UNDECLARED_SELECTOR = YES;
				GCC_WARN_UNINITIALIZED_AUTOS = YES_AGGRESSIVE;
				GCC_WARN_UNUSED_FUNCTION = YES;
				GCC_WARN_UNUSED_VARIABLE = YES;
				IPHONEOS_DEPLOYMENT_TARGET = 9.1;
				MTL_ENABLE_DEBUG_INFO = NO;
				SDKROOT = iphoneos;
				VALIDATE_PRODUCT = YES;
			};
			name = Release;
		};
		5BFB27D01C37AC65004C2A8C /* Debug */ = {
			isa = XCBuildConfiguration;
			buildSettings = {
				ASSETCATALOG_COMPILER_APPICON_NAME = AppIcon;
				INFOPLIST_FILE = "Memorable Places/Info.plist";
				LD_RUNPATH_SEARCH_PATHS = "$(inherited) @executable_path/Frameworks";
				PRODUCT_BUNDLE_IDENTIFIER = "t-takamichi.Memorable-Places";
				PRODUCT_NAME = "$(TARGET_NAME)";
			};
			name = Debug;
		};
		5BFB27D11C37AC65004C2A8C /* Release */ = {
			isa = XCBuildConfiguration;
			buildSettings = {
				ASSETCATALOG_COMPILER_APPICON_NAME = AppIcon;
				INFOPLIST_FILE = "Memorable Places/Info.plist";
				LD_RUNPATH_SEARCH_PATHS = "$(inherited) @executable_path/Frameworks";
				PRODUCT_BUNDLE_IDENTIFIER = "t-takamichi.Memorable-Places";
				PRODUCT_NAME = "$(TARGET_NAME)";
			};
			name = Release;
		};
/* End XCBuildConfiguration section */

/* Begin XCConfigurationList section */
		5BFB27B81C37AC65004C2A8C /* Build configuration list for PBXProject "Memorable Places" */ = {
			isa = XCConfigurationList;
			buildConfigurations = (
				5BFB27CD1C37AC65004C2A8C /* Debug */,
				5BFB27CE1C37AC65004C2A8C /* Release */,
			);
			defaultConfigurationIsVisible = 0;
			defaultConfigurationName = Release;
		};
		5BFB27CF1C37AC65004C2A8C /* Build configuration list for PBXNativeTarget "Memorable Places" */ = {
			isa = XCConfigurationList;
			buildConfigurations = (
				5BFB27D01C37AC65004C2A8C /* Debug */,
				5BFB27D11C37AC65004C2A8C /* Release */,
			);
			defaultConfigurationIsVisible = 0;
			defaultConfigurationName = Release;
		};
/* End XCConfigurationList section */
	};
	rootObject = 5BFB27B51C37AC65004C2A8C /* Project object */;
}
